
Microsoft Visual Studio Solution File, Format Version 12.00
# Visual Studio Version 17
VisualStudioVersion = 17.8.34330.188
MinimumVisualStudioVersion = 10.0.40219.1
Project("{FAE04EC0-301F-11D3-BF4B-00C04F79EFBC}") = "MvcMovie", "Mvcmovie\MvcMovie.csproj", "{31A69238-D237-48BB-876B-FD4EF5B565D5}"
EndProject
Global
	GlobalSection(SolutionConfigurationPlatforms) = preSolution
		Debug|Any CPU = Debug|Any CPU
		Release|Any CPU = Release|Any CPU
	EndGlobalSection
	GlobalSection(ProjectConfigurationPlatforms) = postSolution
		{31A69238-D237-48BB-876B-FD4EF5B565D5}.Debug|Any CPU.ActiveCfg = Debug|Any CPU
		{31A69238-D237-48BB-876B-FD4EF5B565D5}.Debug|Any CPU.Build.0 = Debug|Any CPU
		{31A69238-D237-48BB-876B-FD4EF5B565D5}.Release|Any CPU.ActiveCfg = Release|Any CPU
		{31A69238-D237-48BB-876B-FD4EF5B565D5}.Release|Any CPU.Build.0 = Release|Any CPU
	EndGlobalSection
	GlobalSection(SolutionProperties) = preSolution
		HideSolutionNode = FALSE
	EndGlobalSection
	GlobalSection(ExtensibilityGlobals) = postSolution
		SolutionGuid = {16806BE6-0D6B-42A0-824F-EAE7ACCB01AD}
	EndGlobalSection
EndGlobal
